
Microsoft Visual Studio Solution File, Format Version 12.00
# Visual Studio Version 16
VisualStudioVersion = 16.0.34031.81
MinimumVisualStudioVersion = 10.0.40219.1
Project("{2150E333-8FDC-42A3-9474-1A3956D46DE8}") = "Task0", "Task0", "{5D5FB742-B379-4160-B862-5668286B8D4B}"
EndProject
Project("{FAE04EC0-301F-11D3-BF4B-00C04F79EFBC}") = "Tyuiu.HubulovaVI.Sprint1.Task0.V3", "Tyuiu.HubulovaVI.Sprint1.Task0.V3\Tyuiu.HubulovaVI.Sprint1.Task0.V3.csproj", "{AF1DE29B-ED48-435D-8E5C-E67D4D61A53E}"
EndProject
Project("{FAE04EC0-301F-11D3-BF4B-00C04F79EFBC}") = "Tyuiu.HubulovaVI.Sprint1.Task0.V3.Lib", "Tyuiu.HubulovaVI.Sprint1.Task0.V3.Lib\Tyuiu.HubulovaVI.Sprint1.Task0.V3.Lib.csproj", "{EE4DBD46-36D1-4BE1-8F38-60FB726984B4}"
EndProject
Project("{FAE04EC0-301F-11D3-BF4B-00C04F79EFBC}") = "Tyuiu.HubulovaVI.Sprint1.Task0.V3.Test", "Tyuiu.HubulovaVI.Sprint1.Task0.V3.Test\Tyuiu.HubulovaVI.Sprint1.Task0.V3.Test.csproj", "{BDF3543F-4AC2-441C-9631-EC909367E22C}"
EndProject
Project("{2150E333-8FDC-42A3-9474-1A3956D46DE8}") = "Task1", "Task1", "{F0604598-FEBB-4E56-B63A-5CAEC625534D}"
EndProject
Project("{FAE04EC0-301F-11D3-BF4B-00C04F79EFBC}") = "Tyuiu.HubulovaVI.Sprint1.Task1.V26", "Tyuiu.HubulovaVI.Sprint1.Task1.V26\Tyuiu.HubulovaVI.Sprint1.Task1.V26.csproj", "{1C470F57-9260-4B73-BACB-ACEFCE2A9914}"
EndProject
Project("{FAE04EC0-301F-11D3-BF4B-00C04F79EFBC}") = "Tyuiu.HubulovaVI.Sprint1.Task1.V26.Lib", "Tyuiu.HubulovaVI.Sprint1.Task1.V26.Lib\Tyuiu.HubulovaVI.Sprint1.Task1.V26.Lib.csproj", "{78D8F399-C9E5-4D2C-ABA0-25136273EB0B}"
EndProject
Project("{FAE04EC0-301F-11D3-BF4B-00C04F79EFBC}") = "Tyuiu.HubulovaVI.Sprint1.Task1.V26.Test", "Tyuiu.HubulovaVI.Sprint1.Task1.V26.Test\Tyuiu.HubulovaVI.Sprint1.Task1.V26.Test.csproj", "{69987147-84E6-4985-B19C-233583F10E39}"
EndProject
Project("{2150E333-8FDC-42A3-9474-1A3956D46DE8}") = "Task2", "Task2", "{DB819702-0CBF-46F4-BC6B-4E2B8F9ECD10}"
EndProject
Project("{FAE04EC0-301F-11D3-BF4B-00C04F79EFBC}") = "Tyuiu.HubulovaVI.Sprint1.Task2.V28", "Tyuiu.HubulovaVI.Sprint1.Task2.V28\Tyuiu.HubulovaVI.Sprint1.Task2.V28.csproj", "{B119C53F-103A-40F1-A840-17B411780C6D}"
EndProject
Project("{FAE04EC0-301F-11D3-BF4B-00C04F79EFBC}") = "Tyuiu.HubulovaVI.Sprint1.Task2.V28.Lib", "Tyuiu.HubulovaVI.Sprint1.Task2.V28.Lib\Tyuiu.HubulovaVI.Sprint1.Task2.V28.Lib.csproj", "{F7CAAA42-8460-4860-BA24-44D0B96EE55A}"
EndProject
Project("{FAE04EC0-301F-11D3-BF4B-00C04F79EFBC}") = "Tyuiu.HubulovaVI.Sprint1.Task2.V28.Test", "Tyuiu.HubulovaVI.Sprint1.Task2.V28.Test\Tyuiu.HubulovaVI.Sprint1.Task2.V28.Test.csproj", "{9140C642-8CFD-4AB2-99F9-E575F7E94F52}"
EndProject
Project("{2150E333-8FDC-42A3-9474-1A3956D46DE8}") = "Task3", "Task3", "{76B83239-8E8E-4635-9B67-9CA3324418D5}"
EndProject
Project("{FAE04EC0-301F-11D3-BF4B-00C04F79EFBC}") = "Tyuiu.HubulovaVI.Sprint1.Task3.V12", "Tyuiu.HubulovaVI.Sprint1.Task3.V12\Tyuiu.HubulovaVI.Sprint1.Task3.V12.csproj", "{B05770C6-735D-4F5B-943F-091E06879AA8}"
EndProject
Project("{FAE04EC0-301F-11D3-BF4B-00C04F79EFBC}") = "Tyuiu.HubulovaVI.Sprint1.Task3.V12.Lib", "Tyuiu.HubulovaVI.Sprint1.Task3.V12.Lib\Tyuiu.HubulovaVI.Sprint1.Task3.V12.Lib.csproj", "{72F8C171-6F78-411B-BC00-69BC09423CE6}"
EndProject
Project("{FAE04EC0-301F-11D3-BF4B-00C04F79EFBC}") = "Tyuiu.HubulovaVI.Sprint1.Task3.V12.Test", "Tyuiu.HubulovaVI.Sprint1.Task3.V12.Test\Tyuiu.HubulovaVI.Sprint1.Task3.V12.Test.csproj", "{43F70873-0977-4DCD-8BD0-E792C348FC3A}"
EndProject
Project("{2150E333-8FDC-42A3-9474-1A3956D46DE8}") = "Task4", "Task4", "{9F1854BA-B372-4FC9-A1FB-71B98212BF17}"
EndProject
Project("{FAE04EC0-301F-11D3-BF4B-00C04F79EFBC}") = "Tyuiu.HubulovaVI.Sprint1.Task4.V24", "Tyuiu.HubulovaVI.Sprint1.Task4.V24\Tyuiu.HubulovaVI.Sprint1.Task4.V24.csproj", "{D89DB8E9-7600-498E-9ED0-EB6548C61DAF}"
EndProject
Project("{FAE04EC0-301F-11D3-BF4B-00C04F79EFBC}") = "Tyuiu.HubulovaVI.Sprint1.Task4.V24.Lib", "Tyuiu.HubulovaVI.Sprint1.Task4.V24.Lib\Tyuiu.HubulovaVI.Sprint1.Task4.V24.Lib.csproj", "{2A473C96-82E5-46D8-8FFD-D85EF1700022}"
EndProject
Project("{FAE04EC0-301F-11D3-BF4B-00C04F79EFBC}") = "Tyuiu.HubulovaVI.Sprint1.Task4.V24.Test", "Tyuiu.HubulovaVI.Sprint1.Task4.V24.Test\Tyuiu.HubulovaVI.Sprint1.Task4.V24.Test.csproj", "{DAEA2BEE-787C-4D7C-946E-22C8E3CA23AD}"
EndProject
Project("{2150E333-8FDC-42A3-9474-1A3956D46DE8}") = "Task5", "Task5", "{0ECB5414-612A-4382-84E8-95722EFDA6B6}"
EndProject
Project("{FAE04EC0-301F-11D3-BF4B-00C04F79EFBC}") = "Tyuiu.HubulovaVI.Sprint1.Task5.V3", "Tyuiu.HubulovaVI.Sprint1.Task5.V3\Tyuiu.HubulovaVI.Sprint1.Task5.V3.csproj", "{14BFCB11-973D-4D3E-8B40-2E0E4270D1EE}"
EndProject
Project("{FAE04EC0-301F-11D3-BF4B-00C04F79EFBC}") = "Tyuiu.HubulovaVI.Sprint1.Task5.V3.Lib", "Tyuiu.HubulovaVI.Sprint1.Task5.V3.Lib\Tyuiu.HubulovaVI.Sprint1.Task5.V3.Lib.csproj", "{BE2EF8A2-E2AD-4C3B-9BC0-60B05C6F3AFF}"
EndProject
Project("{FAE04EC0-301F-11D3-BF4B-00C04F79EFBC}") = "Tyuiu.HubulovaVI.Sprint1.Task5.V3.Test", "Tyuiu.HubulovaVI.Sprint1.Task5.V3.Test\Tyuiu.HubulovaVI.Sprint1.Task5.V3.Test.csproj", "{ABFFFFB0-4B24-40ED-BE4A-A575D6E851C8}"
EndProject
Global
	GlobalSection(SolutionConfigurationPlatforms) = preSolution
		Debug|Any CPU = Debug|Any CPU
		Release|Any CPU = Release|Any CPU
	EndGlobalSection
	GlobalSection(ProjectConfigurationPlatforms) = postSolution
		{AF1DE29B-ED48-435D-8E5C-E67D4D61A53E}.Debug|Any CPU.ActiveCfg = Debug|Any CPU
		{AF1DE29B-ED48-435D-8E5C-E67D4D61A53E}.Debug|Any CPU.Build.0 = Debug|Any CPU
		{AF1DE29B-ED48-435D-8E5C-E67D4D61A53E}.Release|Any CPU.ActiveCfg = Release|Any CPU
		{AF1DE29B-ED48-435D-8E5C-E67D4D61A53E}.Release|Any CPU.Build.0 = Release|Any CPU
		{EE4DBD46-36D1-4BE1-8F38-60FB726984B4}.Debug|Any CPU.ActiveCfg = Debug|Any CPU
		{EE4DBD46-36D1-4BE1-8F38-60FB726984B4}.Debug|Any CPU.Build.0 = Debug|Any CPU
		{EE4DBD46-36D1-4BE1-8F38-60FB726984B4}.Release|Any CPU.ActiveCfg = Release|Any CPU
		{EE4DBD46-36D1-4BE1-8F38-60FB726984B4}.Release|Any CPU.Build.0 = Release|Any CPU
		{BDF3543F-4AC2-441C-9631-EC909367E22C}.Debug|Any CPU.ActiveCfg = Debug|Any CPU
		{BDF3543F-4AC2-441C-9631-EC909367E22C}.Debug|Any CPU.Build.0 = Debug|Any CPU
		{BDF3543F-4AC2-441C-9631-EC909367E22C}.Release|Any CPU.ActiveCfg = Release|Any CPU
		{BDF3543F-4AC2-441C-9631-EC909367E22C}.Release|Any CPU.Build.0 = Release|Any CPU
		{1C470F57-9260-4B73-BACB-ACEFCE2A9914}.Debug|Any CPU.ActiveCfg = Debug|Any CPU
		{1C470F57-9260-4B73-BACB-ACEFCE2A9914}.Debug|Any CPU.Build.0 = Debug|Any CPU
		{1C470F57-9260-4B73-BACB-ACEFCE2A9914}.Release|Any CPU.ActiveCfg = Release|Any CPU
		{1C470F57-9260-4B73-BACB-ACEFCE2A9914}.Release|Any CPU.Build.0 = Release|Any CPU
		{78D8F399-C9E5-4D2C-ABA0-25136273EB0B}.Debug|Any CPU.ActiveCfg = Debug|Any CPU
		{78D8F399-C9E5-4D2C-ABA0-25136273EB0B}.Debug|Any CPU.Build.0 = Debug|Any CPU
		{78D8F399-C9E5-4D2C-ABA0-25136273EB0B}.Release|Any CPU.ActiveCfg = Release|Any CPU
		{78D8F399-C9E5-4D2C-ABA0-25136273EB0B}.Release|Any CPU.Build.0 = Release|Any CPU
		{69987147-84E6-4985-B19C-233583F10E39}.Debug|Any CPU.ActiveCfg = Debug|Any CPU
		{69987147-84E6-4985-B19C-233583F10E39}.Debug|Any CPU.Build.0 = Debug|Any CPU
		{69987147-84E6-4985-B19C-233583F10E39}.Release|Any CPU.ActiveCfg = Release|Any CPU
		{69987147-84E6-4985-B19C-233583F10E39}.Release|Any CPU.Build.0 = Release|Any CPU
		{B119C53F-103A-40F1-A840-17B411780C6D}.Debug|Any CPU.ActiveCfg = Debug|Any CPU
		{B119C53F-103A-40F1-A840-17B411780C6D}.Debug|Any CPU.Build.0 = Debug|Any CPU
		{B119C53F-103A-40F1-A840-17B411780C6D}.Release|Any CPU.ActiveCfg = Release|Any CPU
		{B119C53F-103A-40F1-A840-17B411780C6D}.Release|Any CPU.Build.0 = Release|Any CPU
		{F7CAAA42-8460-4860-BA24-44D0B96EE55A}.Debug|Any CPU.ActiveCfg = Debug|Any CPU
		{F7CAAA42-8460-4860-BA24-44D0B96EE55A}.Debug|Any CPU.Build.0 = Debug|Any CPU
		{F7CAAA42-8460-4860-BA24-44D0B96EE55A}.Release|Any CPU.ActiveCfg = Release|Any CPU
		{F7CAAA42-8460-4860-BA24-44D0B96EE55A}.Release|Any CPU.Build.0 = Release|Any CPU
		{9140C642-8CFD-4AB2-99F9-E575F7E94F52}.Debug|Any CPU.ActiveCfg = Debug|Any CPU
		{9140C642-8CFD-4AB2-99F9-E575F7E94F52}.Debug|Any CPU.Build.0 = Debug|Any CPU
		{9140C642-8CFD-4AB2-99F9-E575F7E94F52}.Release|Any CPU.ActiveCfg = Release|Any CPU
		{9140C642-8CFD-4AB2-99F9-E575F7E94F52}.Release|Any CPU.Build.0 = Release|Any CPU
		{B05770C6-735D-4F5B-943F-091E06879AA8}.Debug|Any CPU.ActiveCfg = Debug|Any CPU
		{B05770C6-735D-4F5B-943F-091E06879AA8}.Debug|Any CPU.Build.0 = Debug|Any CPU
		{B05770C6-735D-4F5B-943F-091E06879AA8}.Release|Any CPU.ActiveCfg = Release|Any CPU
		{B05770C6-735D-4F5B-943F-091E06879AA8}.Release|Any CPU.Build.0 = Release|Any CPU
		{72F8C171-6F78-411B-BC00-69BC09423CE6}.Debug|Any CPU.ActiveCfg = Debug|Any CPU
		{72F8C171-6F78-411B-BC00-69BC09423CE6}.Debug|Any CPU.Build.0 = Debug|Any CPU
		{72F8C171-6F78-411B-BC00-69BC09423CE6}.Release|Any CPU.ActiveCfg = Release|Any CPU
		{72F8C171-6F78-411B-BC00-69BC09423CE6}.Release|Any CPU.Build.0 = Release|Any CPU
		{43F70873-0977-4DCD-8BD0-E792C348FC3A}.Debug|Any CPU.ActiveCfg = Debug|Any CPU
		{43F70873-0977-4DCD-8BD0-E792C348FC3A}.Debug|Any CPU.Build.0 = Debug|Any CPU
		{43F70873-0977-4DCD-8BD0-E792C348FC3A}.Release|Any CPU.ActiveCfg = Release|Any CPU
		{43F70873-0977-4DCD-8BD0-E792C348FC3A}.Release|Any CPU.Build.0 = Release|Any CPU
		{D89DB8E9-7600-498E-9ED0-EB6548C61DAF}.Debug|Any CPU.ActiveCfg = Debug|Any CPU
		{D89DB8E9-7600-498E-9ED0-EB6548C61DAF}.Debug|Any CPU.Build.0 = Debug|Any CPU
		{D89DB8E9-7600-498E-9ED0-EB6548C61DAF}.Release|Any CPU.ActiveCfg = Release|Any CPU
		{D89DB8E9-7600-498E-9ED0-EB6548C61DAF}.Release|Any CPU.Build.0 = Release|Any CPU
		{2A473C96-82E5-46D8-8FFD-D85EF1700022}.Debug|Any CPU.ActiveCfg = Debug|Any CPU
		{2A473C96-82E5-46D8-8FFD-D85EF1700022}.Debug|Any CPU.Build.0 = Debug|Any CPU
		{2A473C96-82E5-46D8-8FFD-D85EF1700022}.Release|Any CPU.ActiveCfg = Release|Any CPU
		{2A473C96-82E5-46D8-8FFD-D85EF1700022}.Release|Any CPU.Build.0 = Release|Any CPU
		{DAEA2BEE-787C-4D7C-946E-22C8E3CA23AD}.Debug|Any CPU.ActiveCfg = Debug|Any CPU
		{DAEA2BEE-787C-4D7C-946E-22C8E3CA23AD}.Debug|Any CPU.Build.0 = Debug|Any CPU
		{DAEA2BEE-787C-4D7C-946E-22C8E3CA23AD}.Release|Any CPU.ActiveCfg = Release|Any CPU
		{DAEA2BEE-787C-4D7C-946E-22C8E3CA23AD}.Release|Any CPU.Build.0 = Release|Any CPU
		{14BFCB11-973D-4D3E-8B40-2E0E4270D1EE}.Debug|Any CPU.ActiveCfg = Debug|Any CPU
		{14BFCB11-973D-4D3E-8B40-2E0E4270D1EE}.Debug|Any CPU.Build.0 = Debug|Any CPU
		{14BFCB11-973D-4D3E-8B40-2E0E4270D1EE}.Release|Any CPU.ActiveCfg = Release|Any CPU
		{14BFCB11-973D-4D3E-8B40-2E0E4270D1EE}.Release|Any CPU.Build.0 = Release|Any CPU
		{BE2EF8A2-E2AD-4C3B-9BC0-60B05C6F3AFF}.Debug|Any CPU.ActiveCfg = Debug|Any CPU
		{BE2EF8A2-E2AD-4C3B-9BC0-60B05C6F3AFF}.Debug|Any CPU.Build.0 = Debug|Any CPU
		{BE2EF8A2-E2AD-4C3B-9BC0-60B05C6F3AFF}.Release|Any CPU.ActiveCfg = Release|Any CPU
		{BE2EF8A2-E2AD-4C3B-9BC0-60B05C6F3AFF}.Release|Any CPU.Build.0 = Release|Any CPU
		{ABFFFFB0-4B24-40ED-BE4A-A575D6E851C8}.Debug|Any CPU.ActiveCfg = Debug|Any CPU
		{ABFFFFB0-4B24-40ED-BE4A-A575D6E851C8}.Debug|Any CPU.Build.0 = Debug|Any CPU
		{ABFFFFB0-4B24-40ED-BE4A-A575D6E851C8}.Release|Any CPU.ActiveCfg = Release|Any CPU
		{ABFFFFB0-4B24-40ED-BE4A-A575D6E851C8}.Release|Any CPU.Build.0 = Release|Any CPU
	EndGlobalSection
	GlobalSection(SolutionProperties) = preSolution
		HideSolutionNode = FALSE
	EndGlobalSection
	GlobalSection(NestedProjects) = preSolution
		{AF1DE29B-ED48-435D-8E5C-E67D4D61A53E} = {5D5FB742-B379-4160-B862-5668286B8D4B}
		{EE4DBD46-36D1-4BE1-8F38-60FB726984B4} = {5D5FB742-B379-4160-B862-5668286B8D4B}
		{BDF3543F-4AC2-441C-9631-EC909367E22C} = {5D5FB742-B379-4160-B862-5668286B8D4B}
		{1C470F57-9260-4B73-BACB-ACEFCE2A9914} = {F0604598-FEBB-4E56-B63A-5CAEC625534D}
		{78D8F399-C9E5-4D2C-ABA0-25136273EB0B} = {F0604598-FEBB-4E56-B63A-5CAEC625534D}
		{69987147-84E6-4985-B19C-233583F10E39} = {F0604598-FEBB-4E56-B63A-5CAEC625534D}
		{B119C53F-103A-40F1-A840-17B411780C6D} = {DB819702-0CBF-46F4-BC6B-4E2B8F9ECD10}
		{F7CAAA42-8460-4860-BA24-44D0B96EE55A} = {DB819702-0CBF-46F4-BC6B-4E2B8F9ECD10}
		{9140C642-8CFD-4AB2-99F9-E575F7E94F52} = {DB819702-0CBF-46F4-BC6B-4E2B8F9ECD10}
		{B05770C6-735D-4F5B-943F-091E06879AA8} = {76B83239-8E8E-4635-9B67-9CA3324418D5}
		{72F8C171-6F78-411B-BC00-69BC09423CE6} = {76B83239-8E8E-4635-9B67-9CA3324418D5}
		{43F70873-0977-4DCD-8BD0-E792C348FC3A} = {76B83239-8E8E-4635-9B67-9CA3324418D5}
		{D89DB8E9-7600-498E-9ED0-EB6548C61DAF} = {9F1854BA-B372-4FC9-A1FB-71B98212BF17}
		{2A473C96-82E5-46D8-8FFD-D85EF1700022} = {9F1854BA-B372-4FC9-A1FB-71B98212BF17}
		{DAEA2BEE-787C-4D7C-946E-22C8E3CA23AD} = {9F1854BA-B372-4FC9-A1FB-71B98212BF17}
		{14BFCB11-973D-4D3E-8B40-2E0E4270D1EE} = {0ECB5414-612A-4382-84E8-95722EFDA6B6}
		{BE2EF8A2-E2AD-4C3B-9BC0-60B05C6F3AFF} = {0ECB5414-612A-4382-84E8-95722EFDA6B6}
		{ABFFFFB0-4B24-40ED-BE4A-A575D6E851C8} = {0ECB5414-612A-4382-84E8-95722EFDA6B6}
	EndGlobalSection
	GlobalSection(ExtensibilityGlobals) = postSolution
		SolutionGuid = {C1F84A26-5D26-496D-A589-0D085A62D05B}
	EndGlobalSection
EndGlobal
